
Microsoft Visual Studio Solution File, Format Version 12.00
# Visual Studio Version 17
VisualStudioVersion = 17.8.34511.84
MinimumVisualStudioVersion = 10.0.40219.1
Project("{FAE04EC0-301F-11D3-BF4B-00C04F79EFBC}") = "AdvancedSerilogConfigurationWebAPI", "AdvancedSerilogConfigurationWebAPI\AdvancedSerilogConfigurationWebAPI.csproj", "{CF3A7C1D-AF3D-4C9E-AB59-4404D7304B0B}"
EndProject
Global
	GlobalSection(SolutionConfigurationPlatforms) = preSolution
		Debug|Any CPU = Debug|Any CPU
		Release|Any CPU = Release|Any CPU
	EndGlobalSection
	GlobalSection(ProjectConfigurationPlatforms) = postSolution
		{CF3A7C1D-AF3D-4C9E-AB59-4404D7304B0B}.Debug|Any CPU.ActiveCfg = Debug|Any CPU
		{CF3A7C1D-AF3D-4C9E-AB59-4404D7304B0B}.Debug|Any CPU.Build.0 = Debug|Any CPU
		{CF3A7C1D-AF3D-4C9E-AB59-4404D7304B0B}.Release|Any CPU.ActiveCfg = Release|Any CPU
		{CF3A7C1D-AF3D-4C9E-AB59-4404D7304B0B}.Release|Any CPU.Build.0 = Release|Any CPU
	EndGlobalSection
	GlobalSection(SolutionProperties) = preSolution
		HideSolutionNode = FALSE
	EndGlobalSection
	GlobalSection(ExtensibilityGlobals) = postSolution
		SolutionGuid = {EFE0BE73-1ACC-466C-A7B5-2A671A66396A}
	EndGlobalSection
EndGlobal
